
Microsoft Visual Studio Solution File, Format Version 12.00
# Visual Studio Version 16
VisualStudioVersion = 16.0.30225.117
MinimumVisualStudioVersion = 10.0.40219.1
Project("{FAE04EC0-301F-11D3-BF4B-00C04F79EFBC}") = "DeskBooker.Core.Test", "DeskBooker.Core.Test\DeskBooker.Core.Test.csproj", "{9B1462E1-AABE-4953-8AF6-D90538387D68}"
EndProject
Project("{FAE04EC0-301F-11D3-BF4B-00C04F79EFBC}") = "DeskBooker.Core", "DeskBooker.Core\DeskBooker.Core.csproj", "{287504B6-5039-4457-BEB6-04DC6B5D754B}"
EndProject
Global
	GlobalSection(SolutionConfigurationPlatforms) = preSolution
		Debug|Any CPU = Debug|Any CPU
		Release|Any CPU = Release|Any CPU
	EndGlobalSection
	GlobalSection(ProjectConfigurationPlatforms) = postSolution
		{9B1462E1-AABE-4953-8AF6-D90538387D68}.Debug|Any CPU.ActiveCfg = Debug|Any CPU
		{9B1462E1-AABE-4953-8AF6-D90538387D68}.Debug|Any CPU.Build.0 = Debug|Any CPU
		{9B1462E1-AABE-4953-8AF6-D90538387D68}.Release|Any CPU.ActiveCfg = Release|Any CPU
		{9B1462E1-AABE-4953-8AF6-D90538387D68}.Release|Any CPU.Build.0 = Release|Any CPU
		{287504B6-5039-4457-BEB6-04DC6B5D754B}.Debug|Any CPU.ActiveCfg = Debug|Any CPU
		{287504B6-5039-4457-BEB6-04DC6B5D754B}.Debug|Any CPU.Build.0 = Debug|Any CPU
		{287504B6-5039-4457-BEB6-04DC6B5D754B}.Release|Any CPU.ActiveCfg = Release|Any CPU
		{287504B6-5039-4457-BEB6-04DC6B5D754B}.Release|Any CPU.Build.0 = Release|Any CPU
	EndGlobalSection
	GlobalSection(SolutionProperties) = preSolution
		HideSolutionNode = FALSE
	EndGlobalSection
	GlobalSection(ExtensibilityGlobals) = postSolution
		SolutionGuid = {D616B99F-EE38-4FC5-9338-B2DA197FB57A}
	EndGlobalSection
EndGlobal
